Microsoft Visual Studio Solution File, Format Version 12.00
# Visual Studio Version 17
VisualStudioVersion = 17.5.2.0
MinimumVisualStudioVersion = 10.0.40219.1
Project("{FAE04EC0-301F-11D3-BF4B-00C04F79EFBC}") = "ThermostatApi", "ThermostatApi\ThermostatApi.csproj", "{F8A38CF2-609F-CCE1-3E81-DDA4DE00D786}"
EndProject
Global
	GlobalSection(SolutionConfigurationPlatforms) = preSolution
		Debug|Any CPU = Debug|Any CPU
		Release|Any CPU = Release|Any CPU
	EndGlobalSection
	GlobalSection(ProjectConfigurationPlatforms) = postSolution
		{F8A38CF2-609F-CCE1-3E81-DDA4DE00D786}.Debug|Any CPU.ActiveCfg = Debug|Any CPU
		{F8A38CF2-609F-CCE1-3E81-DDA4DE00D786}.Debug|Any CPU.Build.0 = Debug|Any CPU
		{F8A38CF2-609F-CCE1-3E81-DDA4DE00D786}.Release|Any CPU.ActiveCfg = Release|Any CPU
		{F8A38CF2-609F-CCE1-3E81-DDA4DE00D786}.Release|Any CPU.Build.0 = Release|Any CPU
	EndGlobalSection
	GlobalSection(SolutionProperties) = preSolution
		HideSolutionNode = FALSE
	EndGlobalSection
	GlobalSection(ExtensibilityGlobals) = postSolution
		SolutionGuid = {50062A45-C74B-4CF7-95DE-D269CA171132}
	EndGlobalSection
EndGlobal
